
Microsoft Visual Studio Solution File, Format Version 12.00
# Visual Studio 15
VisualStudioVersion = 15.0.28307.136
MinimumVisualStudioVersion = 10.0.40219.1
Project("{FAE04EC0-301F-11D3-BF4B-00C04F79EFBC}") = "KB-Web", "KB-Web\KB-Web.csproj", "{F7C4056F-4BA6-42DF-9D51-1373E3677F33}"
EndProject
Project("{FAE04EC0-301F-11D3-BF4B-00C04F79EFBC}") = "KB-BAL", "KB-BAL\KB-BAL.csproj", "{54E6EA46-31C9-4B55-9D6A-3E35AFBB4DBF}"
EndProject
Project("{FAE04EC0-301F-11D3-BF4B-00C04F79EFBC}") = "KB-DAL", "KB-DAL\KB-DAL.csproj", "{A13518ED-8DDD-425D-A98F-6CC4D10B8C21}"
EndProject
Global
	GlobalSection(SolutionConfigurationPlatforms) = preSolution
		Debug|Any CPU = Debug|Any CPU
		Release|Any CPU = Release|Any CPU
	EndGlobalSection
	GlobalSection(ProjectConfigurationPlatforms) = postSolution
		{F7C4056F-4BA6-42DF-9D51-1373E3677F33}.Debug|Any CPU.ActiveCfg = Debug|Any CPU
		{F7C4056F-4BA6-42DF-9D51-1373E3677F33}.Debug|Any CPU.Build.0 = Debug|Any CPU
		{F7C4056F-4BA6-42DF-9D51-1373E3677F33}.Release|Any CPU.ActiveCfg = Release|Any CPU
		{F7C4056F-4BA6-42DF-9D51-1373E3677F33}.Release|Any CPU.Build.0 = Release|Any CPU
		{54E6EA46-31C9-4B55-9D6A-3E35AFBB4DBF}.Debug|Any CPU.ActiveCfg = Debug|Any CPU
		{54E6EA46-31C9-4B55-9D6A-3E35AFBB4DBF}.Debug|Any CPU.Build.0 = Debug|Any CPU
		{54E6EA46-31C9-4B55-9D6A-3E35AFBB4DBF}.Release|Any CPU.ActiveCfg = Release|Any CPU
		{54E6EA46-31C9-4B55-9D6A-3E35AFBB4DBF}.Release|Any CPU.Build.0 = Release|Any CPU
		{A13518ED-8DDD-425D-A98F-6CC4D10B8C21}.Debug|Any CPU.ActiveCfg = Debug|Any CPU
		{A13518ED-8DDD-425D-A98F-6CC4D10B8C21}.Debug|Any CPU.Build.0 = Debug|Any CPU
		{A13518ED-8DDD-425D-A98F-6CC4D10B8C21}.Release|Any CPU.ActiveCfg = Release|Any CPU
		{A13518ED-8DDD-425D-A98F-6CC4D10B8C21}.Release|Any CPU.Build.0 = Release|Any CPU
	EndGlobalSection
	GlobalSection(SolutionProperties) = preSolution
		HideSolutionNode = FALSE
	EndGlobalSection
	GlobalSection(ExtensibilityGlobals) = postSolution
		SolutionGuid = {D626BB34-FDC6-4A48-BA8A-27425EB77DD6}
	EndGlobalSection
EndGlobal
